
Microsoft Visual Studio Solution File, Format Version 12.00
# Visual Studio Version 17
VisualStudioVersion = 17.4.33122.133
MinimumVisualStudioVersion = 10.0.40219.1
Project("{FAE04EC0-301F-11D3-BF4B-00C04F79EFBC}") = "NZWalksAPI", "NZWalksAPI\NZWalksAPI.csproj", "{1EA7D1D9-7A20-48D8-904A-43D63E839887}"
EndProject
Global
	GlobalSection(SolutionConfigurationPlatforms) = preSolution
		Debug|Any CPU = Debug|Any CPU
		Release|Any CPU = Release|Any CPU
	EndGlobalSection
	GlobalSection(ProjectConfigurationPlatforms) = postSolution
		{1EA7D1D9-7A20-48D8-904A-43D63E839887}.Debug|Any CPU.ActiveCfg = Debug|Any CPU
		{1EA7D1D9-7A20-48D8-904A-43D63E839887}.Debug|Any CPU.Build.0 = Debug|Any CPU
		{1EA7D1D9-7A20-48D8-904A-43D63E839887}.Release|Any CPU.ActiveCfg = Release|Any CPU
		{1EA7D1D9-7A20-48D8-904A-43D63E839887}.Release|Any CPU.Build.0 = Release|Any CPU
	EndGlobalSection
	GlobalSection(SolutionProperties) = preSolution
		HideSolutionNode = FALSE
	EndGlobalSection
	GlobalSection(ExtensibilityGlobals) = postSolution
		SolutionGuid = {AA80EB7E-7217-46D0-95DE-366FDCDAAD6C}
	EndGlobalSection
EndGlobal
